
Microsoft Visual Studio Solution File, Format Version 12.00
# Visual Studio 15
VisualStudioVersion = 15.0.26730.8
MinimumVisualStudioVersion = 10.0.40219.1
Project("{FAE04EC0-301F-11D3-BF4B-00C04F79EFBC}") = "WalletIntegration", "WalletIntegration\WalletIntegration.csproj", "{34B9FC7F-3CDB-43C1-9D21-D52D49D45F27}"
EndProject
Global
	GlobalSection(SolutionConfigurationPlatforms) = preSolution
		Debug|Any CPU = Debug|Any CPU
		Release|Any CPU = Release|Any CPU
	EndGlobalSection
	GlobalSection(ProjectConfigurationPlatforms) = postSolution
		{34B9FC7F-3CDB-43C1-9D21-D52D49D45F27}.Debug|Any CPU.ActiveCfg = Debug|Any CPU
		{34B9FC7F-3CDB-43C1-9D21-D52D49D45F27}.Debug|Any CPU.Build.0 = Debug|Any CPU
		{34B9FC7F-3CDB-43C1-9D21-D52D49D45F27}.Release|Any CPU.ActiveCfg = Release|Any CPU
		{34B9FC7F-3CDB-43C1-9D21-D52D49D45F27}.Release|Any CPU.Build.0 = Release|Any CPU
	EndGlobalSection
	GlobalSection(SolutionProperties) = preSolution
		HideSolutionNode = FALSE
	EndGlobalSection
	GlobalSection(ExtensibilityGlobals) = postSolution
		SolutionGuid = {21B3E5B6-9C46-43EE-8523-7AE662A0B4E5}
	EndGlobalSection
EndGlobal
